
Microsoft Visual Studio Solution File, Format Version 12.00
# Visual Studio Version 16
VisualStudioVersion = 16.0.31105.61
MinimumVisualStudioVersion = 10.0.40219.1
Project("{FAE04EC0-301F-11D3-BF4B-00C04F79EFBC}") = "AzureSearch", "AzureSearch.csproj", "{6509BD94-35C5-4C6D-85E3-DAABEE3B3E5E}"
EndProject
Global
	GlobalSection(SolutionConfigurationPlatforms) = preSolution
		Debug|Any CPU = Debug|Any CPU
		Release|Any CPU = Release|Any CPU
	EndGlobalSection
	GlobalSection(ProjectConfigurationPlatforms) = postSolution
		{6509BD94-35C5-4C6D-85E3-DAABEE3B3E5E}.Debug|Any CPU.ActiveCfg = Debug|Any CPU
		{6509BD94-35C5-4C6D-85E3-DAABEE3B3E5E}.Debug|Any CPU.Build.0 = Debug|Any CPU
		{6509BD94-35C5-4C6D-85E3-DAABEE3B3E5E}.Release|Any CPU.ActiveCfg = Release|Any CPU
		{6509BD94-35C5-4C6D-85E3-DAABEE3B3E5E}.Release|Any CPU.Build.0 = Release|Any CPU
	EndGlobalSection
	GlobalSection(SolutionProperties) = preSolution
		HideSolutionNode = FALSE
	EndGlobalSection
	GlobalSection(ExtensibilityGlobals) = postSolution
		SolutionGuid = {B966B060-E63E-415C-AE4D-D515DB887F31}
	EndGlobalSection
EndGlobal
