
Microsoft Visual Studio Solution File, Format Version 12.00
# Visual Studio Version 17
VisualStudioVersion = 17.5.002.0
MinimumVisualStudioVersion = 10.0.40219.1
Project("{9A19103F-16F7-4668-BE54-9A1E7A4F7556}") = "SimpleWS-Client", "SimpleWS-Client.csproj", "{0F105ADA-71C8-4381-8E21-39FE1E7FCB2E}"
EndProject
Global
	GlobalSection(SolutionConfigurationPlatforms) = preSolution
		Debug|Any CPU = Debug|Any CPU
		Release|Any CPU = Release|Any CPU
	EndGlobalSection
	GlobalSection(ProjectConfigurationPlatforms) = postSolution
		{0F105ADA-71C8-4381-8E21-39FE1E7FCB2E}.Debug|Any CPU.ActiveCfg = Debug|Any CPU
		{0F105ADA-71C8-4381-8E21-39FE1E7FCB2E}.Debug|Any CPU.Build.0 = Debug|Any CPU
		{0F105ADA-71C8-4381-8E21-39FE1E7FCB2E}.Release|Any CPU.ActiveCfg = Release|Any CPU
		{0F105ADA-71C8-4381-8E21-39FE1E7FCB2E}.Release|Any CPU.Build.0 = Release|Any CPU
	EndGlobalSection
	GlobalSection(SolutionProperties) = preSolution
		HideSolutionNode = FALSE
	EndGlobalSection
	GlobalSection(ExtensibilityGlobals) = postSolution
		SolutionGuid = {83686274-87EC-49F0-836B-04F35F7790B1}
	EndGlobalSection
EndGlobal
