
Microsoft Visual Studio Solution File, Format Version 12.00
# Visual Studio Version 16
VisualStudioVersion = 16.0.30330.147
MinimumVisualStudioVersion = 10.0.40219.1
Project("{FAE04EC0-301F-11D3-BF4B-00C04F79EFBC}") = "QandA", "QandA.csproj", "{FFA34297-63BA-439C-8155-0573D4101FEB}"
EndProject
Global
	GlobalSection(SolutionConfigurationPlatforms) = preSolution
		Debug|Any CPU = Debug|Any CPU
		Release|Any CPU = Release|Any CPU
	EndGlobalSection
	GlobalSection(ProjectConfigurationPlatforms) = postSolution
		{FFA34297-63BA-439C-8155-0573D4101FEB}.Debug|Any CPU.ActiveCfg = Debug|Any CPU
		{FFA34297-63BA-439C-8155-0573D4101FEB}.Debug|Any CPU.Build.0 = Debug|Any CPU
		{FFA34297-63BA-439C-8155-0573D4101FEB}.Release|Any CPU.ActiveCfg = Release|Any CPU
		{FFA34297-63BA-439C-8155-0573D4101FEB}.Release|Any CPU.Build.0 = Release|Any CPU
	EndGlobalSection
	GlobalSection(SolutionProperties) = preSolution
		HideSolutionNode = FALSE
	EndGlobalSection
	GlobalSection(ExtensibilityGlobals) = postSolution
		SolutionGuid = {A136277A-76F9-47F3-A369-EE12C2F14766}
	EndGlobalSection
EndGlobal
